
Microsoft Visual Studio Solution File, Format Version 12.00
# Visual Studio Version 16
VisualStudioVersion = 16.0.30907.101
MinimumVisualStudioVersion = 10.0.40219.1
Project("{F2A71F9B-5D33-465A-A702-920D77279786}") = "IO", "IO\IO.fsproj", "{725EAAB9-C53A-4EC6-9445-224EFCCFC6CC}"
EndProject
Global
	GlobalSection(SolutionConfigurationPlatforms) = preSolution
		Debug|Any CPU = Debug|Any CPU
		Release|Any CPU = Release|Any CPU
	EndGlobalSection
	GlobalSection(ProjectConfigurationPlatforms) = postSolution
		{725EAAB9-C53A-4EC6-9445-224EFCCFC6CC}.Debug|Any CPU.ActiveCfg = Debug|Any CPU
		{725EAAB9-C53A-4EC6-9445-224EFCCFC6CC}.Debug|Any CPU.Build.0 = Debug|Any CPU
		{725EAAB9-C53A-4EC6-9445-224EFCCFC6CC}.Release|Any CPU.ActiveCfg = Release|Any CPU
		{725EAAB9-C53A-4EC6-9445-224EFCCFC6CC}.Release|Any CPU.Build.0 = Release|Any CPU
	EndGlobalSection
	GlobalSection(SolutionProperties) = preSolution
		HideSolutionNode = FALSE
	EndGlobalSection
	GlobalSection(ExtensibilityGlobals) = postSolution
		SolutionGuid = {35BAA33F-301F-4E5D-A62E-E8D14820FB98}
	EndGlobalSection
EndGlobal
