
Microsoft Visual Studio Solution File, Format Version 12.00
# Visual Studio Version 16
VisualStudioVersion = 16.0.30907.101
MinimumVisualStudioVersion = 10.0.40219.1
Project("{F2A71F9B-5D33-465A-A702-920D77279786}") = "Lengthlist", "Lengthlist\Lengthlist.fsproj", "{5D319340-BEFF-4B2B-B06F-B19FF34DDF1C}"
EndProject
Global
	GlobalSection(SolutionConfigurationPlatforms) = preSolution
		Debug|Any CPU = Debug|Any CPU
		Release|Any CPU = Release|Any CPU
	EndGlobalSection
	GlobalSection(ProjectConfigurationPlatforms) = postSolution
		{5D319340-BEFF-4B2B-B06F-B19FF34DDF1C}.Debug|Any CPU.ActiveCfg = Debug|Any CPU
		{5D319340-BEFF-4B2B-B06F-B19FF34DDF1C}.Debug|Any CPU.Build.0 = Debug|Any CPU
		{5D319340-BEFF-4B2B-B06F-B19FF34DDF1C}.Release|Any CPU.ActiveCfg = Release|Any CPU
		{5D319340-BEFF-4B2B-B06F-B19FF34DDF1C}.Release|Any CPU.Build.0 = Release|Any CPU
	EndGlobalSection
	GlobalSection(SolutionProperties) = preSolution
		HideSolutionNode = FALSE
	EndGlobalSection
	GlobalSection(ExtensibilityGlobals) = postSolution
		SolutionGuid = {88FD4139-CCBC-4748-80FD-9E114E62C9F9}
	EndGlobalSection
EndGlobal
